
Microsoft Visual Studio Solution File, Format Version 11.00
# Visual Studio 2010
Project("{FAE04EC0-301F-11D3-BF4B-00C04F79EFBC}") = "Gander", "Gander\Gander.csproj", "{989BA05E-BA1E-4100-96E9-A4E46B0B3EEC}"
EndProject
Global
	GlobalSection(SolutionConfigurationPlatforms) = preSolution
		Debug|x86 = Debug|x86
		Release|x86 = Release|x86
	EndGlobalSection
	GlobalSection(ProjectConfigurationPlatforms) = postSolution
		{989BA05E-BA1E-4100-96E9-A4E46B0B3EEC}.Debug|x86.ActiveCfg = Debug|x86
		{989BA05E-BA1E-4100-96E9-A4E46B0B3EEC}.Debug|x86.Build.0 = Debug|x86
		{989BA05E-BA1E-4100-96E9-A4E46B0B3EEC}.Release|x86.ActiveCfg = Release|x86
		{989BA05E-BA1E-4100-96E9-A4E46B0B3EEC}.Release|x86.Build.0 = Release|x86
	EndGlobalSection
	GlobalSection(SolutionProperties) = preSolution
		HideSolutionNode = FALSE
	EndGlobalSection
EndGlobal
